{
  "version": 4,
  "terraform_version": "1.15.4",
  "serial": 15,
  "lineage": "ccc13f72-04aa-e9a7-f01b-703ebe7e62d6",
  "outputs": {
    "private_subnet_a_id": {
      "value": "subnet-06c93c83f331af854",
      "type": "string"
    },
    "private_subnet_b_id": {
      "value": "subnet-0b64062a0f3e5be0e",
      "type": "string"
    },
    "public_subnet_a_id": {
      "value": "subnet-0c4bb0f48bee62af2",
      "type": "string"
    },
    "public_subnet_b_id": {
      "value": "subnet-087e92140ae8de90a",
      "type": "string"
    },
    "security_group_id": {
      "value": "sg-034c72af7a4d82e4e",
      "type": "string"
    },
    "vpc_id": {
      "value": "vpc-083bb2a6bc60f4e2f",
      "type": "string"
    }
  },
  "resources": [
    {
      "mode": "data",
      "type": "aws_region",
      "name": "current",
      "provider": "provider[\"registry.terraform.io/hashicorp/aws\"]",
      "instances": [
        {
          "schema_version": 0,
          "attributes": {
            "description": "US East (N. Virginia)",
            "endpoint": "ec2.us-east-1.amazonaws.com",
            "id": "us-east-1",
            "name": "us-east-1"
          },
          "sensitive_attributes": [],
          "identity_schema_version": 0
        }
      ]
    },
    {
      "mode": "managed",
      "type": "aws_security_group",
      "name": "web",
      "provider": "provider[\"registry.terraform.io/hashicorp/aws\"]",
      "instances": [
        {
          "schema_version": 1,
          "attributes": {
            "arn": "arn:aws:ec2:us-east-1:076124125546:security-group/sg-034c72af7a4d82e4e",
            "description": "Allow web traffic",
            "egress": [
              {
                "cidr_blocks": [
                  "0.0.0.0/0"
                ],
                "description": "",
                "from_port": 0,
                "ipv6_cidr_blocks": [],
                "prefix_list_ids": [],
                "protocol": "-1",
                "security_groups": [],
                "self": false,
                "to_port": 0
              }
            ],
            "id": "sg-034c72af7a4d82e4e",
            "ingress": [
              {
                "cidr_blocks": [
                  "0.0.0.0/0"
                ],
                "description": "",
                "from_port": 443,
                "ipv6_cidr_blocks": [],
                "prefix_list_ids": [],
                "protocol": "tcp",
                "security_groups": [],
                "self": false,
                "to_port": 443
              },
              {
                "cidr_blocks": [
                  "0.0.0.0/0"
                ],
                "description": "",
                "from_port": 80,
                "ipv6_cidr_blocks": [],
                "prefix_list_ids": [],
                "protocol": "tcp",
                "security_groups": [],
                "self": false,
                "to_port": 80
              }
            ],
            "name": "dev-tf-web-sg",
            "name_prefix": "",
            "owner_id": "076124125546",
            "revoke_rules_on_delete": false,
            "tags": {
              "CostCenter": "cc-5678",
              "Environment": "dev",
              "ManagedBy": "terraform",
              "Name": "dev-tf-web-sg",
              "Owner": "devops-team",
              "Project": "terraform-improved-demo",
              "Region": "us-east-1"
            },
            "tags_all": {
              "CostCenter": "cc-5678",
              "Environment": "dev",
              "ManagedBy": "terraform",
              "Name": "dev-tf-web-sg",
              "Owner": "devops-team",
              "Project": "terraform-improved-demo",
              "Region": "us-east-1"
            },
            "timeouts": null,
            "vpc_id": "vpc-083bb2a6bc60f4e2f"
          },
          "sensitive_attributes": [],
          "identity_schema_version": 0,
          "private": "eyJlMmJmYjczMC1lY2FhLTExZTYtOGY4OC0zNDM2M2JjN2M0YzAiOnsiY3JlYXRlIjo2MDAwMDAwMDAwMDAsImRlbGV0ZSI6OTAwMDAwMDAwMDAwfSwic2NoZW1hX3ZlcnNpb24iOiIxIn0=",
          "dependencies": [
            "aws_vpc.main",
            "data.aws_region.current"
          ]
        }
      ]
    },
    {
      "mode": "managed",
      "type": "aws_subnet",
      "name": "private_a",
      "provider": "provider[\"registry.terraform.io/hashicorp/aws\"]",
      "instances": [
        {
          "schema_version": 1,
          "attributes": {
            "arn": "arn:aws:ec2:us-east-1:076124125546:subnet/subnet-06c93c83f331af854",
            "assign_ipv6_address_on_creation": false,
            "availability_zone": "us-east-1a",
            "availability_zone_id": "use1-az1",
            "cidr_block": "10.0.3.0/24",
            "customer_owned_ipv4_pool": "",
            "enable_dns64": false,
            "enable_lni_at_device_index": 0,
            "enable_resource_name_dns_a_record_on_launch": false,
            "enable_resource_name_dns_aaaa_record_on_launch": false,
            "id": "subnet-06c93c83f331af854",
            "ipv6_cidr_block": "",
            "ipv6_cidr_block_association_id": "",
            "ipv6_native": false,
            "map_customer_owned_ip_on_launch": false,
            "map_public_ip_on_launch": false,
            "outpost_arn": "",
            "owner_id": "076124125546",
            "private_dns_hostname_type_on_launch": "ip-name",
            "tags": {
              "CostCenter": "cc-5678",
              "Environment": "dev",
              "ManagedBy": "terraform",
              "Name": "dev-tf-private-subnet-us-east-1a",
              "Owner": "devops-team",
              "Project": "terraform-improved-demo",
              "Region": "us-east-1",
              "Tier": "private"
            },
            "tags_all": {
              "CostCenter": "cc-5678",
              "Environment": "dev",
              "ManagedBy": "terraform",
              "Name": "dev-tf-private-subnet-us-east-1a",
              "Owner": "devops-team",
              "Project": "terraform-improved-demo",
              "Region": "us-east-1",
              "Tier": "private"
            },
            "timeouts": null,
            "vpc_id": "vpc-083bb2a6bc60f4e2f"
          },
          "sensitive_attributes": [],
          "identity_schema_version": 0,
          "private": "eyJlMmJmYjczMC1lY2FhLTExZTYtOGY4OC0zNDM2M2JjN2M0YzAiOnsiY3JlYXRlIjo2MDAwMDAwMDAwMDAsImRlbGV0ZSI6MTIwMDAwMDAwMDAwMH0sInNjaGVtYV92ZXJzaW9uIjoiMSJ9",
          "dependencies": [
            "aws_vpc.main",
            "data.aws_region.current"
          ]
        }
      ]
    },
    {
      "mode": "managed",
      "type": "aws_subnet",
      "name": "private_b",
      "provider": "provider[\"registry.terraform.io/hashicorp/aws\"]",
      "instances": [
        {
          "schema_version": 1,
          "attributes": {
            "arn": "arn:aws:ec2:us-east-1:076124125546:subnet/subnet-0b64062a0f3e5be0e",
            "assign_ipv6_address_on_creation": false,
            "availability_zone": "us-east-1b",
            "availability_zone_id": "use1-az2",
            "cidr_block": "10.0.4.0/24",
            "customer_owned_ipv4_pool": "",
            "enable_dns64": false,
            "enable_lni_at_device_index": 0,
            "enable_resource_name_dns_a_record_on_launch": false,
            "enable_resource_name_dns_aaaa_record_on_launch": false,
            "id": "subnet-0b64062a0f3e5be0e",
            "ipv6_cidr_block": "",
            "ipv6_cidr_block_association_id": "",
            "ipv6_native": false,
            "map_customer_owned_ip_on_launch": false,
            "map_public_ip_on_launch": false,
            "outpost_arn": "",
            "owner_id": "076124125546",
            "private_dns_hostname_type_on_launch": "ip-name",
            "tags": {
              "CostCenter": "cc-5678",
              "Environment": "dev",
              "ManagedBy": "terraform",
              "Name": "dev-tf-private-subnet-us-east-1b",
              "Owner": "devops-team",
              "Project": "terraform-improved-demo",
              "Region": "us-east-1",
              "Tier": "private"
            },
            "tags_all": {
              "CostCenter": "cc-5678",
              "Environment": "dev",
              "ManagedBy": "terraform",
              "Name": "dev-tf-private-subnet-us-east-1b",
              "Owner": "devops-team",
              "Project": "terraform-improved-demo",
              "Region": "us-east-1",
              "Tier": "private"
            },
            "timeouts": null,
            "vpc_id": "vpc-083bb2a6bc60f4e2f"
          },
          "sensitive_attributes": [],
          "identity_schema_version": 0,
          "private": "eyJlMmJmYjczMC1lY2FhLTExZTYtOGY4OC0zNDM2M2JjN2M0YzAiOnsiY3JlYXRlIjo2MDAwMDAwMDAwMDAsImRlbGV0ZSI6MTIwMDAwMDAwMDAwMH0sInNjaGVtYV92ZXJzaW9uIjoiMSJ9",
          "dependencies": [
            "aws_vpc.main",
            "data.aws_region.current"
          ]
        }
      ]
    },
    {
      "mode": "managed",
      "type": "aws_subnet",
      "name": "public_a",
      "provider": "provider[\"registry.terraform.io/hashicorp/aws\"]",
      "instances": [
        {
          "schema_version": 1,
          "attributes": {
            "arn": "arn:aws:ec2:us-east-1:076124125546:subnet/subnet-0c4bb0f48bee62af2",
            "assign_ipv6_address_on_creation": false,
            "availability_zone": "us-east-1a",
            "availability_zone_id": "use1-az1",
            "cidr_block": "10.0.1.0/24",
            "customer_owned_ipv4_pool": "",
            "enable_dns64": false,
            "enable_lni_at_device_index": 0,
            "enable_resource_name_dns_a_record_on_launch": false,
            "enable_resource_name_dns_aaaa_record_on_launch": false,
            "id": "subnet-0c4bb0f48bee62af2",
            "ipv6_cidr_block": "",
            "ipv6_cidr_block_association_id": "",
            "ipv6_native": false,
            "map_customer_owned_ip_on_launch": false,
            "map_public_ip_on_launch": true,
            "outpost_arn": "",
            "owner_id": "076124125546",
            "private_dns_hostname_type_on_launch": "ip-name",
            "tags": {
              "CostCenter": "cc-5678",
              "Environment": "dev",
              "ManagedBy": "terraform",
              "Name": "dev-tf-public-subnet-us-east-1a",
              "Owner": "devops-team",
              "Project": "terraform-improved-demo",
              "Region": "us-east-1",
              "Tier": "public"
            },
            "tags_all": {
              "CostCenter": "cc-5678",
              "Environment": "dev",
              "ManagedBy": "terraform",
              "Name": "dev-tf-public-subnet-us-east-1a",
              "Owner": "devops-team",
              "Project": "terraform-improved-demo",
              "Region": "us-east-1",
              "Tier": "public"
            },
            "timeouts": null,
            "vpc_id": "vpc-083bb2a6bc60f4e2f"
          },
          "sensitive_attributes": [],
          "identity_schema_version": 0,
          "private": "eyJlMmJmYjczMC1lY2FhLTExZTYtOGY4OC0zNDM2M2JjN2M0YzAiOnsiY3JlYXRlIjo2MDAwMDAwMDAwMDAsImRlbGV0ZSI6MTIwMDAwMDAwMDAwMH0sInNjaGVtYV92ZXJzaW9uIjoiMSJ9",
          "dependencies": [
            "aws_vpc.main",
            "data.aws_region.current"
          ]
        }
      ]
    },
    {
      "mode": "managed",
      "type": "aws_subnet",
      "name": "public_b",
      "provider": "provider[\"registry.terraform.io/hashicorp/aws\"]",
      "instances": [
        {
          "schema_version": 1,
          "attributes": {
            "arn": "arn:aws:ec2:us-east-1:076124125546:subnet/subnet-087e92140ae8de90a",
            "assign_ipv6_address_on_creation": false,
            "availability_zone": "us-east-1b",
            "availability_zone_id": "use1-az2",
            "cidr_block": "10.0.2.0/24",
            "customer_owned_ipv4_pool": "",
            "enable_dns64": false,
            "enable_lni_at_device_index": 0,
            "enable_resource_name_dns_a_record_on_launch": false,
            "enable_resource_name_dns_aaaa_record_on_launch": false,
            "id": "subnet-087e92140ae8de90a",
            "ipv6_cidr_block": "",
            "ipv6_cidr_block_association_id": "",
            "ipv6_native": false,
            "map_customer_owned_ip_on_launch": false,
            "map_public_ip_on_launch": true,
            "outpost_arn": "",
            "owner_id": "076124125546",
            "private_dns_hostname_type_on_launch": "ip-name",
            "tags": {
              "CostCenter": "cc-5678",
              "Environment": "dev",
              "ManagedBy": "terraform",
              "Name": "dev-tf-public-subnet-us-east-1b",
              "Owner": "devops-team",
              "Project": "terraform-improved-demo",
              "Region": "us-east-1",
              "Tier": "public"
            },
            "tags_all": {
              "CostCenter": "cc-5678",
              "Environment": "dev",
              "ManagedBy": "terraform",
              "Name": "dev-tf-public-subnet-us-east-1b",
              "Owner": "devops-team",
              "Project": "terraform-improved-demo",
              "Region": "us-east-1",
              "Tier": "public"
            },
            "timeouts": null,
            "vpc_id": "vpc-083bb2a6bc60f4e2f"
          },
          "sensitive_attributes": [],
          "identity_schema_version": 0,
          "private": "eyJlMmJmYjczMC1lY2FhLTExZTYtOGY4OC0zNDM2M2JjN2M0YzAiOnsiY3JlYXRlIjo2MDAwMDAwMDAwMDAsImRlbGV0ZSI6MTIwMDAwMDAwMDAwMH0sInNjaGVtYV92ZXJzaW9uIjoiMSJ9",
          "dependencies": [
            "aws_vpc.main",
            "data.aws_region.current"
          ]
        }
      ]
    },
    {
      "mode": "managed",
      "type": "aws_vpc",
      "name": "main",
      "provider": "provider[\"registry.terraform.io/hashicorp/aws\"]",
      "instances": [
        {
          "schema_version": 1,
          "attributes": {
            "arn": "arn:aws:ec2:us-east-1:076124125546:vpc/vpc-083bb2a6bc60f4e2f",
            "assign_generated_ipv6_cidr_block": false,
            "cidr_block": "10.0.0.0/16",
            "default_network_acl_id": "acl-0edd3ff0a3bf4e3c6",
            "default_route_table_id": "rtb-0fd14ccf392f8b015",
            "default_security_group_id": "sg-0dfe4109689f60a8f",
            "dhcp_options_id": "dopt-0200c4fdad2f1f246",
            "enable_dns_hostnames": true,
            "enable_dns_support": true,
            "enable_network_address_usage_metrics": false,
            "id": "vpc-083bb2a6bc60f4e2f",
            "instance_tenancy": "default",
            "ipv4_ipam_pool_id": null,
            "ipv4_netmask_length": null,
            "ipv6_association_id": "",
            "ipv6_cidr_block": "",
            "ipv6_cidr_block_network_border_group": "",
            "ipv6_ipam_pool_id": "",
            "ipv6_netmask_length": 0,
            "main_route_table_id": "rtb-0fd14ccf392f8b015",
            "owner_id": "076124125546",
            "tags": {
              "CostCenter": "cc-5678",
              "Environment": "dev",
              "ManagedBy": "terraform",
              "Name": "dev-tf-vpc-us-east-1",
              "Owner": "devops-team",
              "Project": "terraform-improved-demo",
              "Region": "us-east-1"
            },
            "tags_all": {
              "CostCenter": "cc-5678",
              "Environment": "dev",
              "ManagedBy": "terraform",
              "Name": "dev-tf-vpc-us-east-1",
              "Owner": "devops-team",
              "Project": "terraform-improved-demo",
              "Region": "us-east-1"
            }
          },
          "sensitive_attributes": [],
          "identity_schema_version": 0,
          "private": "eyJzY2hlbWFfdmVyc2lvbiI6IjEifQ==",
          "dependencies": [
            "data.aws_region.current"
          ]
        }
      ]
    }
  ],
  "check_results": null
}
