{
  "version": 4,
  "terraform_version": "1.15.4",
  "serial": 9,
  "lineage": "6944b193-a87f-c38a-2dcd-c723e44ccb94",
  "outputs": {},
  "resources": [
    {
      "mode": "managed",
      "type": "aws_vpc",
      "name": "main",
      "provider": "provider[\"registry.terraform.io/hashicorp/aws\"]",
      "instances": [
        {
          "schema_version": 1,
          "attributes": {
            "arn": "arn:aws:ec2:us-east-1:076124125546:vpc/vpc-09facb55f509e35a3",
            "assign_generated_ipv6_cidr_block": false,
            "cidr_block": "10.0.0.0/16",
            "default_network_acl_id": "acl-05ae6bc91da6b0293",
            "default_route_table_id": "rtb-0267f8f46684483e9",
            "default_security_group_id": "sg-00937c5964af4007c",
            "dhcp_options_id": "dopt-0200c4fdad2f1f246",
            "enable_dns_hostnames": true,
            "enable_dns_support": true,
            "enable_network_address_usage_metrics": false,
            "id": "vpc-09facb55f509e35a3",
            "instance_tenancy": "default",
            "ipv4_ipam_pool_id": null,
            "ipv4_netmask_length": null,
            "ipv6_association_id": "",
            "ipv6_cidr_block": "",
            "ipv6_cidr_block_network_border_group": "",
            "ipv6_ipam_pool_id": "",
            "ipv6_netmask_length": 0,
            "main_route_table_id": "rtb-0267f8f46684483e9",
            "owner_id": "076124125546",
            "tags": {
              "Environment": "development",
              "Name": "terraform-course"
            },
            "tags_all": {
              "Environment": "development",
              "Managed_By": "Terraform",
              "Name": "terraform-course",
              "Project": "Terraform Training"
            }
          },
          "sensitive_attributes": [],
          "identity_schema_version": 0,
          "private": "eyJzY2hlbWFfdmVyc2lvbiI6IjEifQ=="
        }
      ]
    }
  ],
  "check_results": null
}
