{
  "version": 4,
  "terraform_version": "1.15.4",
  "serial": 19,
  "lineage": "5bf3f8cf-c540-def8-b7bb-3b98930a153f",
  "outputs": {
    "account_info": {
      "value": "076124125546 (us-east-1)",
      "type": "string"
    },
    "availability_zone": {
      "value": "us-east-1a",
      "type": "string"
    },
    "subnet_id": {
      "value": "subnet-09c1a186f24f5cef1",
      "type": "string"
    },
    "vpc_id": {
      "value": "vpc-099624f76c572d83c",
      "type": "string"
    }
  },
  "resources": [
    {
      "mode": "data",
      "type": "aws_availability_zones",
      "name": "available",
      "provider": "provider[\"registry.terraform.io/hashicorp/aws\"]",
      "instances": [
        {
          "schema_version": 0,
          "attributes": {
            "all_availability_zones": null,
            "exclude_names": null,
            "exclude_zone_ids": null,
            "filter": null,
            "group_names": [
              "us-east-1-zg-1"
            ],
            "id": "us-east-1",
            "names": [
              "us-east-1a",
              "us-east-1b",
              "us-east-1c",
              "us-east-1d",
              "us-east-1e",
              "us-east-1f"
            ],
            "state": "available",
            "timeouts": null,
            "zone_ids": [
              "use1-az1",
              "use1-az2",
              "use1-az4",
              "use1-az6",
              "use1-az3",
              "use1-az5"
            ]
          },
          "sensitive_attributes": [],
          "identity_schema_version": 0
        }
      ]
    },
    {
      "mode": "data",
      "type": "aws_caller_identity",
      "name": "current",
      "provider": "provider[\"registry.terraform.io/hashicorp/aws\"]",
      "instances": [
        {
          "schema_version": 0,
          "attributes": {
            "account_id": "076124125546",
            "arn": "arn:aws:iam::076124125546:user/terraform",
            "id": "076124125546",
            "user_id": "AIDARDOKZ7FVM3ZH5SVBC"
          },
          "sensitive_attributes": [],
          "identity_schema_version": 0
        }
      ]
    },
    {
      "mode": "data",
      "type": "aws_region",
      "name": "current",
      "provider": "provider[\"registry.terraform.io/hashicorp/aws\"]",
      "instances": [
        {
          "schema_version": 0,
          "attributes": {
            "description": "US East (N. Virginia)",
            "endpoint": "ec2.us-east-1.amazonaws.com",
            "id": "us-east-1",
            "name": "us-east-1"
          },
          "sensitive_attributes": [],
          "identity_schema_version": 0
        }
      ]
    },
    {
      "mode": "managed",
      "type": "aws_route_table",
      "name": "private",
      "provider": "provider[\"registry.terraform.io/hashicorp/aws\"]",
      "instances": [
        {
          "schema_version": 0,
          "attributes": {
            "arn": "arn:aws:ec2:us-east-1:076124125546:route-table/rtb-0d8091f2dd80afdb7",
            "id": "rtb-0d8091f2dd80afdb7",
            "owner_id": "076124125546",
            "propagating_vgws": [],
            "route": [],
            "tags": {
              "Environment": "testing",
              "ManagedBy": "terraform",
              "Name": "testing-route-table",
              "Project": "dynamic-infrastructure",
              "Region": "us-east-1"
            },
            "tags_all": {
              "Environment": "testing",
              "ManagedBy": "terraform",
              "Name": "testing-route-table",
              "Project": "dynamic-infrastructure",
              "Region": "us-east-1"
            },
            "timeouts": null,
            "vpc_id": "vpc-099624f76c572d83c"
          },
          "sensitive_attributes": [],
          "identity_schema_version": 0,
          "private": "eyJlMmJmYjczMC1lY2FhLTExZTYtOGY4OC0zNDM2M2JjN2M0YzAiOnsiY3JlYXRlIjozMDAwMDAwMDAwMDAsImRlbGV0ZSI6MzAwMDAwMDAwMDAwLCJ1cGRhdGUiOjEyMDAwMDAwMDAwMH19",
          "dependencies": [
            "aws_vpc.production",
            "data.aws_caller_identity.current",
            "data.aws_region.current"
          ]
        }
      ]
    },
    {
      "mode": "managed",
      "type": "aws_subnet",
      "name": "private",
      "provider": "provider[\"registry.terraform.io/hashicorp/aws\"]",
      "instances": [
        {
          "schema_version": 1,
          "attributes": {
            "arn": "arn:aws:ec2:us-east-1:076124125546:subnet/subnet-09c1a186f24f5cef1",
            "assign_ipv6_address_on_creation": false,
            "availability_zone": "us-east-1a",
            "availability_zone_id": "use1-az1",
            "cidr_block": "172.16.1.0/24",
            "customer_owned_ipv4_pool": "",
            "enable_dns64": false,
            "enable_lni_at_device_index": 0,
            "enable_resource_name_dns_a_record_on_launch": false,
            "enable_resource_name_dns_aaaa_record_on_launch": false,
            "id": "subnet-09c1a186f24f5cef1",
            "ipv6_cidr_block": "",
            "ipv6_cidr_block_association_id": "",
            "ipv6_native": false,
            "map_customer_owned_ip_on_launch": false,
            "map_public_ip_on_launch": false,
            "outpost_arn": "",
            "owner_id": "076124125546",
            "private_dns_hostname_type_on_launch": "ip-name",
            "tags": {
              "AZ": "us-east-1a",
              "Environment": "testing",
              "ManagedBy": "terraform",
              "Name": "testing-private-subnet",
              "Project": "dynamic-infrastructure",
              "Region": "us-east-1"
            },
            "tags_all": {
              "AZ": "us-east-1a",
              "Environment": "testing",
              "ManagedBy": "terraform",
              "Name": "testing-private-subnet",
              "Project": "dynamic-infrastructure",
              "Region": "us-east-1"
            },
            "timeouts": null,
            "vpc_id": "vpc-099624f76c572d83c"
          },
          "sensitive_attributes": [],
          "identity_schema_version": 0,
          "private": "eyJlMmJmYjczMC1lY2FhLTExZTYtOGY4OC0zNDM2M2JjN2M0YzAiOnsiY3JlYXRlIjo2MDAwMDAwMDAwMDAsImRlbGV0ZSI6MTIwMDAwMDAwMDAwMH0sInNjaGVtYV92ZXJzaW9uIjoiMSJ9",
          "dependencies": [
            "aws_vpc.production",
            "data.aws_availability_zones.available",
            "data.aws_caller_identity.current",
            "data.aws_region.current"
          ]
        }
      ]
    },
    {
      "mode": "managed",
      "type": "aws_vpc",
      "name": "production",
      "provider": "provider[\"registry.terraform.io/hashicorp/aws\"]",
      "instances": [
        {
          "schema_version": 1,
          "attributes": {
            "arn": "arn:aws:ec2:us-east-1:076124125546:vpc/vpc-099624f76c572d83c",
            "assign_generated_ipv6_cidr_block": false,
            "cidr_block": "172.16.0.0/16",
            "default_network_acl_id": "acl-0341049e1235c1ca4",
            "default_route_table_id": "rtb-0e3abea215b49ef5a",
            "default_security_group_id": "sg-026762b61f7c951dd",
            "dhcp_options_id": "dopt-0200c4fdad2f1f246",
            "enable_dns_hostnames": true,
            "enable_dns_support": true,
            "enable_network_address_usage_metrics": false,
            "id": "vpc-099624f76c572d83c",
            "instance_tenancy": "default",
            "ipv4_ipam_pool_id": null,
            "ipv4_netmask_length": null,
            "ipv6_association_id": "",
            "ipv6_cidr_block": "",
            "ipv6_cidr_block_network_border_group": "",
            "ipv6_ipam_pool_id": "",
            "ipv6_netmask_length": 0,
            "main_route_table_id": "rtb-0e3abea215b49ef5a",
            "owner_id": "076124125546",
            "tags": {
              "AccountID": "076124125546",
              "Environment": "testing",
              "ManagedBy": "terraform",
              "Name": "testing-vpc",
              "Project": "dynamic-infrastructure",
              "Region": "us-east-1"
            },
            "tags_all": {
              "AccountID": "076124125546",
              "Environment": "testing",
              "ManagedBy": "terraform",
              "Name": "testing-vpc",
              "Project": "dynamic-infrastructure",
              "Region": "us-east-1"
            }
          },
          "sensitive_attributes": [],
          "identity_schema_version": 0,
          "private": "eyJzY2hlbWFfdmVyc2lvbiI6IjEifQ==",
          "dependencies": [
            "data.aws_caller_identity.current",
            "data.aws_region.current"
          ]
        }
      ]
    }
  ],
  "check_results": null
}
